
Microsoft Visual Studio Solution File, Format Version 12.00
# Visual Studio 15
VisualStudioVersion = 15.0.28307.329
MinimumVisualStudioVersion = 10.0.40219.1
Project("{FAE04EC0-301F-11D3-BF4B-00C04F79EFBC}") = "Sales.Android", "Sales\Sales.Android\Sales.Android.csproj", "{64240EDC-7654-4C98-9C15-4A6757A149DA}"
EndProject
Project("{FAE04EC0-301F-11D3-BF4B-00C04F79EFBC}") = "Sales.iOS", "Sales\Sales.iOS\Sales.iOS.csproj", "{83E6DE1D-FF05-4BBA-A34F-F5F37E241C92}"
EndProject
Project("{FAE04EC0-301F-11D3-BF4B-00C04F79EFBC}") = "Sales", "Sales\Sales\Sales.csproj", "{365DFD3B-D98E-4B5C-BEDC-00C0327E074D}"
EndProject
Project("{FAE04EC0-301F-11D3-BF4B-00C04F79EFBC}") = "Sales.Backend", "Sales.Backend\Sales.Backend.csproj", "{22E123BA-9DAD-452A-B371-61080DC12BFE}"
EndProject
Project("{FAE04EC0-301F-11D3-BF4B-00C04F79EFBC}") = "Sales.API", "Sales.API\Sales.API.csproj", "{A39367DA-47A2-4AAC-958D-61D234AE9818}"
EndProject
Project("{FAE04EC0-301F-11D3-BF4B-00C04F79EFBC}") = "Sales.Domain", "Sales.Domain\Sales.Domain.csproj", "{E6A85A7A-07F0-4A39-B732-7D4E4A35766C}"
EndProject
Project("{FAE04EC0-301F-11D3-BF4B-00C04F79EFBC}") = "Sales.Common", "Sales.Common\Sales.Common.csproj", "{4ABF2C11-15D2-409D-BF23-335FB6C970FF}"
EndProject
Global
	GlobalSection(SolutionConfigurationPlatforms) = preSolution
		Ad-Hoc|Any CPU = Ad-Hoc|Any CPU
		Ad-Hoc|iPhone = Ad-Hoc|iPhone
		Ad-Hoc|iPhoneSimulator = Ad-Hoc|iPhoneSimulator
		AppStore|Any CPU = AppStore|Any CPU
		AppStore|iPhone = AppStore|iPhone
		AppStore|iPhoneSimulator = AppStore|iPhoneSimulator
		Debug|Any CPU = Debug|Any CPU
		Debug|iPhone = Debug|iPhone
		Debug|iPhoneSimulator = Debug|iPhoneSimulator
		Release|Any CPU = Release|Any CPU
		Release|iPhone = Release|iPhone
		Release|iPhoneSimulator = Release|iPhoneSimulator
	EndGlobalSection
	GlobalSection(ProjectConfigurationPlatforms) = postSolution
		{64240EDC-7654-4C98-9C15-4A6757A149DA}.Ad-Hoc|Any CPU.ActiveCfg = Release|Any CPU
		{64240EDC-7654-4C98-9C15-4A6757A149DA}.Ad-Hoc|Any CPU.Build.0 = Release|Any CPU
		{64240EDC-7654-4C98-9C15-4A6757A149DA}.Ad-Hoc|Any CPU.Deploy.0 = Release|Any CPU
		{64240EDC-7654-4C98-9C15-4A6757A149DA}.Ad-Hoc|iPhone.ActiveCfg = Release|Any CPU
		{64240EDC-7654-4C98-9C15-4A6757A149DA}.Ad-Hoc|iPhone.Build.0 = Release|Any CPU
		{64240EDC-7654-4C98-9C15-4A6757A149DA}.Ad-Hoc|iPhone.Deploy.0 = Release|Any CPU
		{64240EDC-7654-4C98-9C15-4A6757A149DA}.Ad-Hoc|iPhoneSimulator.ActiveCfg = Release|Any CPU
		{64240EDC-7654-4C98-9C15-4A6757A149DA}.Ad-Hoc|iPhoneSimulator.Build.0 = Release|Any CPU
		{64240EDC-7654-4C98-9C15-4A6757A149DA}.Ad-Hoc|iPhoneSimulator.Deploy.0 = Release|Any CPU
		{64240EDC-7654-4C98-9C15-4A6757A149DA}.AppStore|Any CPU.ActiveCfg = Release|Any CPU
		{64240EDC-7654-4C98-9C15-4A6757A149DA}.AppStore|Any CPU.Build.0 = Release|Any CPU
		{64240EDC-7654-4C98-9C15-4A6757A149DA}.AppStore|Any CPU.Deploy.0 = Release|Any CPU
		{64240EDC-7654-4C98-9C15-4A6757A149DA}.AppStore|iPhone.ActiveCfg = Release|Any CPU
		{64240EDC-7654-4C98-9C15-4A6757A149DA}.AppStore|iPhone.Build.0 = Release|Any CPU
		{64240EDC-7654-4C98-9C15-4A6757A149DA}.AppStore|iPhone.Deploy.0 = Release|Any CPU
		{64240EDC-7654-4C98-9C15-4A6757A149DA}.AppStore|iPhoneSimulator.ActiveCfg = Release|Any CPU
		{64240EDC-7654-4C98-9C15-4A6757A149DA}.AppStore|iPhoneSimulator.Build.0 = Release|Any CPU
		{64240EDC-7654-4C98-9C15-4A6757A149DA}.AppStore|iPhoneSimulator.Deploy.0 = Release|Any CPU
		{64240EDC-7654-4C98-9C15-4A6757A149DA}.Debug|Any CPU.ActiveCfg = Debug|Any CPU
		{64240EDC-7654-4C98-9C15-4A6757A149DA}.Debug|Any CPU.Build.0 = Debug|Any CPU
		{64240EDC-7654-4C98-9C15-4A6757A149DA}.Debug|Any CPU.Deploy.0 = Debug|Any CPU
		{64240EDC-7654-4C98-9C15-4A6757A149DA}.Debug|iPhone.ActiveCfg = Debug|Any CPU
		{64240EDC-7654-4C98-9C15-4A6757A149DA}.Debug|iPhone.Build.0 = Debug|Any CPU
		{64240EDC-7654-4C98-9C15-4A6757A149DA}.Debug|iPhone.Deploy.0 = Debug|Any CPU
		{64240EDC-7654-4C98-9C15-4A6757A149DA}.Debug|iPhoneSimulator.ActiveCfg = Debug|Any CPU
		{64240EDC-7654-4C98-9C15-4A6757A149DA}.Debug|iPhoneSimulator.Build.0 = Debug|Any CPU
		{64240EDC-7654-4C98-9C15-4A6757A149DA}.Debug|iPhoneSimulator.Deploy.0 = Debug|Any CPU
		{64240EDC-7654-4C98-9C15-4A6757A149DA}.Release|Any CPU.ActiveCfg = Release|Any CPU
		{64240EDC-7654-4C98-9C15-4A6757A149DA}.Release|Any CPU.Build.0 = Release|Any CPU
		{64240EDC-7654-4C98-9C15-4A6757A149DA}.Release|Any CPU.Deploy.0 = Release|Any CPU
		{64240EDC-7654-4C98-9C15-4A6757A149DA}.Release|iPhone.ActiveCfg = Release|Any CPU
		{64240EDC-7654-4C98-9C15-4A6757A149DA}.Release|iPhone.Build.0 = Release|Any CPU
		{64240EDC-7654-4C98-9C15-4A6757A149DA}.Release|iPhone.Deploy.0 = Release|Any CPU
		{64240EDC-7654-4C98-9C15-4A6757A149DA}.Release|iPhoneSimulator.ActiveCfg = Release|Any CPU
		{64240EDC-7654-4C98-9C15-4A6757A149DA}.Release|iPhoneSimulator.Build.0 = Release|Any CPU
		{64240EDC-7654-4C98-9C15-4A6757A149DA}.Release|iPhoneSimulator.Deploy.0 = Release|Any CPU
		{83E6DE1D-FF05-4BBA-A34F-F5F37E241C92}.Ad-Hoc|Any CPU.ActiveCfg = Ad-Hoc|iPhone
		{83E6DE1D-FF05-4BBA-A34F-F5F37E241C92}.Ad-Hoc|Any CPU.Build.0 = Ad-Hoc|iPhone
		{83E6DE1D-FF05-4BBA-A34F-F5F37E241C92}.Ad-Hoc|Any CPU.Deploy.0 = Ad-Hoc|iPhone
		{83E6DE1D-FF05-4BBA-A34F-F5F37E241C92}.Ad-Hoc|iPhone.ActiveCfg = Ad-Hoc|iPhone
		{83E6DE1D-FF05-4BBA-A34F-F5F37E241C92}.Ad-Hoc|iPhone.Build.0 = Ad-Hoc|iPhone
		{83E6DE1D-FF05-4BBA-A34F-F5F37E241C92}.Ad-Hoc|iPhone.Deploy.0 = Ad-Hoc|iPhone
		{83E6DE1D-FF05-4BBA-A34F-F5F37E241C92}.Ad-Hoc|iPhoneSimulator.ActiveCfg = Ad-Hoc|iPhoneSimulator
		{83E6DE1D-FF05-4BBA-A34F-F5F37E241C92}.Ad-Hoc|iPhoneSimulator.Build.0 = Ad-Hoc|iPhoneSimulator
		{83E6DE1D-FF05-4BBA-A34F-F5F37E241C92}.Ad-Hoc|iPhoneSimulator.Deploy.0 = Ad-Hoc|iPhoneSimulator
		{83E6DE1D-FF05-4BBA-A34F-F5F37E241C92}.AppStore|Any CPU.ActiveCfg = AppStore|iPhone
		{83E6DE1D-FF05-4BBA-A34F-F5F37E241C92}.AppStore|Any CPU.Build.0 = AppStore|iPhone
		{83E6DE1D-FF05-4BBA-A34F-F5F37E241C92}.AppStore|Any CPU.Deploy.0 = AppStore|iPhone
		{83E6DE1D-FF05-4BBA-A34F-F5F37E241C92}.AppStore|iPhone.ActiveCfg = AppStore|iPhone
		{83E6DE1D-FF05-4BBA-A34F-F5F37E241C92}.AppStore|iPhone.Build.0 = AppStore|iPhone
		{83E6DE1D-FF05-4BBA-A34F-F5F37E241C92}.AppStore|iPhone.Deploy.0 = AppStore|iPhone
		{83E6DE1D-FF05-4BBA-A34F-F5F37E241C92}.AppStore|iPhoneSimulator.ActiveCfg = AppStore|iPhoneSimulator
		{83E6DE1D-FF05-4BBA-A34F-F5F37E241C92}.AppStore|iPhoneSimulator.Build.0 = AppStore|iPhoneSimulator
		{83E6DE1D-FF05-4BBA-A34F-F5F37E241C92}.AppStore|iPhoneSimulator.Deploy.0 = AppStore|iPhoneSimulator
		{83E6DE1D-FF05-4BBA-A34F-F5F37E241C92}.Debug|Any CPU.ActiveCfg = Debug|iPhoneSimulator
		{83E6DE1D-FF05-4BBA-A34F-F5F37E241C92}.Debug|Any CPU.Build.0 = Debug|iPhoneSimulator
		{83E6DE1D-FF05-4BBA-A34F-F5F37E241C92}.Debug|Any CPU.Deploy.0 = Debug|iPhoneSimulator
		{83E6DE1D-FF05-4BBA-A34F-F5F37E241C92}.Debug|iPhone.ActiveCfg = Debug|iPhone
		{83E6DE1D-FF05-4BBA-A34F-F5F37E241C92}.Debug|iPhone.Build.0 = Debug|iPhone
		{83E6DE1D-FF05-4BBA-A34F-F5F37E241C92}.Debug|iPhone.Deploy.0 = Debug|iPhone
		{83E6DE1D-FF05-4BBA-A34F-F5F37E241C92}.Debug|iPhoneSimulator.ActiveCfg = Debug|iPhoneSimulator
		{83E6DE1D-FF05-4BBA-A34F-F5F37E241C92}.Debug|iPhoneSimulator.Build.0 = Debug|iPhoneSimulator
		{83E6DE1D-FF05-4BBA-A34F-F5F37E241C92}.Debug|iPhoneSimulator.Deploy.0 = Debug|iPhoneSimulator
		{83E6DE1D-FF05-4BBA-A34F-F5F37E241C92}.Release|Any CPU.ActiveCfg = Release|iPhone
		{83E6DE1D-FF05-4BBA-A34F-F5F37E241C92}.Release|Any CPU.Build.0 = Release|iPhone
		{83E6DE1D-FF05-4BBA-A34F-F5F37E241C92}.Release|Any CPU.Deploy.0 = Release|iPhone
		{83E6DE1D-FF05-4BBA-A34F-F5F37E241C92}.Release|iPhone.ActiveCfg = Release|iPhone
		{83E6DE1D-FF05-4BBA-A34F-F5F37E241C92}.Release|iPhone.Build.0 = Release|iPhone
		{83E6DE1D-FF05-4BBA-A34F-F5F37E241C92}.Release|iPhone.Deploy.0 = Release|iPhone
		{83E6DE1D-FF05-4BBA-A34F-F5F37E241C92}.Release|iPhoneSimulator.ActiveCfg = Release|iPhoneSimulator
		{83E6DE1D-FF05-4BBA-A34F-F5F37E241C92}.Release|iPhoneSimulator.Build.0 = Release|iPhoneSimulator
		{83E6DE1D-FF05-4BBA-A34F-F5F37E241C92}.Release|iPhoneSimulator.Deploy.0 = Release|iPhoneSimulator
		{365DFD3B-D98E-4B5C-BEDC-00C0327E074D}.Ad-Hoc|Any CPU.ActiveCfg = Debug|Any CPU
		{365DFD3B-D98E-4B5C-BEDC-00C0327E074D}.Ad-Hoc|Any CPU.Build.0 = Debug|Any CPU
		{365DFD3B-D98E-4B5C-BEDC-00C0327E074D}.Ad-Hoc|Any CPU.Deploy.0 = Debug|Any CPU
		{365DFD3B-D98E-4B5C-BEDC-00C0327E074D}.Ad-Hoc|iPhone.ActiveCfg = Debug|Any CPU
		{365DFD3B-D98E-4B5C-BEDC-00C0327E074D}.Ad-Hoc|iPhone.Build.0 = Debug|Any CPU
		{365DFD3B-D98E-4B5C-BEDC-00C0327E074D}.Ad-Hoc|iPhone.Deploy.0 = Debug|Any CPU
		{365DFD3B-D98E-4B5C-BEDC-00C0327E074D}.Ad-Hoc|iPhoneSimulator.ActiveCfg = Debug|Any CPU
		{365DFD3B-D98E-4B5C-BEDC-00C0327E074D}.Ad-Hoc|iPhoneSimulator.Build.0 = Debug|Any CPU
		{365DFD3B-D98E-4B5C-BEDC-00C0327E074D}.Ad-Hoc|iPhoneSimulator.Deploy.0 = Debug|Any CPU
		{365DFD3B-D98E-4B5C-BEDC-00C0327E074D}.AppStore|Any CPU.ActiveCfg = Debug|Any CPU
		{365DFD3B-D98E-4B5C-BEDC-00C0327E074D}.AppStore|Any CPU.Build.0 = Debug|Any CPU
		{365DFD3B-D98E-4B5C-BEDC-00C0327E074D}.AppStore|Any CPU.Deploy.0 = Debug|Any CPU
		{365DFD3B-D98E-4B5C-BEDC-00C0327E074D}.AppStore|iPhone.ActiveCfg = Debug|Any CPU
		{365DFD3B-D98E-4B5C-BEDC-00C0327E074D}.AppStore|iPhone.Build.0 = Debug|Any CPU
		{365DFD3B-D98E-4B5C-BEDC-00C0327E074D}.AppStore|iPhone.Deploy.0 = Debug|Any CPU
		{365DFD3B-D98E-4B5C-BEDC-00C0327E074D}.AppStore|iPhoneSimulator.ActiveCfg = Debug|Any CPU
		{365DFD3B-D98E-4B5C-BEDC-00C0327E074D}.AppStore|iPhoneSimulator.Build.0 = Debug|Any CPU
		{365DFD3B-D98E-4B5C-BEDC-00C0327E074D}.AppStore|iPhoneSimulator.Deploy.0 = Debug|Any CPU
		{365DFD3B-D98E-4B5C-BEDC-00C0327E074D}.Debug|Any CPU.ActiveCfg = Debug|Any CPU
		{365DFD3B-D98E-4B5C-BEDC-00C0327E074D}.Debug|Any CPU.Build.0 = Debug|Any CPU
		{365DFD3B-D98E-4B5C-BEDC-00C0327E074D}.Debug|Any CPU.Deploy.0 = Debug|Any CPU
		{365DFD3B-D98E-4B5C-BEDC-00C0327E074D}.Debug|iPhone.ActiveCfg = Debug|Any CPU
		{365DFD3B-D98E-4B5C-BEDC-00C0327E074D}.Debug|iPhone.Build.0 = Debug|Any CPU
		{365DFD3B-D98E-4B5C-BEDC-00C0327E074D}.Debug|iPhone.Deploy.0 = Debug|Any CPU
		{365DFD3B-D98E-4B5C-BEDC-00C0327E074D}.Debug|iPhoneSimulator.ActiveCfg = Debug|Any CPU
		{365DFD3B-D98E-4B5C-BEDC-00C0327E074D}.Debug|iPhoneSimulator.Build.0 = Debug|Any CPU
		{365DFD3B-D98E-4B5C-BEDC-00C0327E074D}.Debug|iPhoneSimulator.Deploy.0 = Debug|Any CPU
		{365DFD3B-D98E-4B5C-BEDC-00C0327E074D}.Release|Any CPU.ActiveCfg = Release|Any CPU
		{365DFD3B-D98E-4B5C-BEDC-00C0327E074D}.Release|Any CPU.Build.0 = Release|Any CPU
		{365DFD3B-D98E-4B5C-BEDC-00C0327E074D}.Release|Any CPU.Deploy.0 = Release|Any CPU
		{365DFD3B-D98E-4B5C-BEDC-00C0327E074D}.Release|iPhone.ActiveCfg = Release|Any CPU
		{365DFD3B-D98E-4B5C-BEDC-00C0327E074D}.Release|iPhone.Build.0 = Release|Any CPU
		{365DFD3B-D98E-4B5C-BEDC-00C0327E074D}.Release|iPhone.Deploy.0 = Release|Any CPU
		{365DFD3B-D98E-4B5C-BEDC-00C0327E074D}.Release|iPhoneSimulator.ActiveCfg = Release|Any CPU
		{365DFD3B-D98E-4B5C-BEDC-00C0327E074D}.Release|iPhoneSimulator.Build.0 = Release|Any CPU
		{365DFD3B-D98E-4B5C-BEDC-00C0327E074D}.Release|iPhoneSimulator.Deploy.0 = Release|Any CPU
		{22E123BA-9DAD-452A-B371-61080DC12BFE}.Ad-Hoc|Any CPU.ActiveCfg = Release|Any CPU
		{22E123BA-9DAD-452A-B371-61080DC12BFE}.Ad-Hoc|Any CPU.Build.0 = Release|Any CPU
		{22E123BA-9DAD-452A-B371-61080DC12BFE}.Ad-Hoc|iPhone.ActiveCfg = Release|Any CPU
		{22E123BA-9DAD-452A-B371-61080DC12BFE}.Ad-Hoc|iPhone.Build.0 = Release|Any CPU
		{22E123BA-9DAD-452A-B371-61080DC12BFE}.Ad-Hoc|iPhoneSimulator.ActiveCfg = Release|Any CPU
		{22E123BA-9DAD-452A-B371-61080DC12BFE}.Ad-Hoc|iPhoneSimulator.Build.0 = Release|Any CPU
		{22E123BA-9DAD-452A-B371-61080DC12BFE}.AppStore|Any CPU.ActiveCfg = Release|Any CPU
		{22E123BA-9DAD-452A-B371-61080DC12BFE}.AppStore|Any CPU.Build.0 = Release|Any CPU
		{22E123BA-9DAD-452A-B371-61080DC12BFE}.AppStore|iPhone.ActiveCfg = Release|Any CPU
		{22E123BA-9DAD-452A-B371-61080DC12BFE}.AppStore|iPhone.Build.0 = Release|Any CPU
		{22E123BA-9DAD-452A-B371-61080DC12BFE}.AppStore|iPhoneSimulator.ActiveCfg = Release|Any CPU
		{22E123BA-9DAD-452A-B371-61080DC12BFE}.AppStore|iPhoneSimulator.Build.0 = Release|Any CPU
		{22E123BA-9DAD-452A-B371-61080DC12BFE}.Debug|Any CPU.ActiveCfg = Debug|Any CPU
		{22E123BA-9DAD-452A-B371-61080DC12BFE}.Debug|Any CPU.Build.0 = Debug|Any CPU
		{22E123BA-9DAD-452A-B371-61080DC12BFE}.Debug|iPhone.ActiveCfg = Debug|Any CPU
		{22E123BA-9DAD-452A-B371-61080DC12BFE}.Debug|iPhone.Build.0 = Debug|Any CPU
		{22E123BA-9DAD-452A-B371-61080DC12BFE}.Debug|iPhoneSimulator.ActiveCfg = Debug|Any CPU
		{22E123BA-9DAD-452A-B371-61080DC12BFE}.Debug|iPhoneSimulator.Build.0 = Debug|Any CPU
		{22E123BA-9DAD-452A-B371-61080DC12BFE}.Release|Any CPU.ActiveCfg = Release|Any CPU
		{22E123BA-9DAD-452A-B371-61080DC12BFE}.Release|Any CPU.Build.0 = Release|Any CPU
		{22E123BA-9DAD-452A-B371-61080DC12BFE}.Release|iPhone.ActiveCfg = Release|Any CPU
		{22E123BA-9DAD-452A-B371-61080DC12BFE}.Release|iPhone.Build.0 = Release|Any CPU
		{22E123BA-9DAD-452A-B371-61080DC12BFE}.Release|iPhoneSimulator.ActiveCfg = Release|Any CPU
		{22E123BA-9DAD-452A-B371-61080DC12BFE}.Release|iPhoneSimulator.Build.0 = Release|Any CPU
		{A39367DA-47A2-4AAC-958D-61D234AE9818}.Ad-Hoc|Any CPU.ActiveCfg = Release|Any CPU
		{A39367DA-47A2-4AAC-958D-61D234AE9818}.Ad-Hoc|Any CPU.Build.0 = Release|Any CPU
		{A39367DA-47A2-4AAC-958D-61D234AE9818}.Ad-Hoc|iPhone.ActiveCfg = Release|Any CPU
		{A39367DA-47A2-4AAC-958D-61D234AE9818}.Ad-Hoc|iPhone.Build.0 = Release|Any CPU
		{A39367DA-47A2-4AAC-958D-61D234AE9818}.Ad-Hoc|iPhoneSimulator.ActiveCfg = Release|Any CPU
		{A39367DA-47A2-4AAC-958D-61D234AE9818}.Ad-Hoc|iPhoneSimulator.Build.0 = Release|Any CPU
		{A39367DA-47A2-4AAC-958D-61D234AE9818}.AppStore|Any CPU.ActiveCfg = Release|Any CPU
		{A39367DA-47A2-4AAC-958D-61D234AE9818}.AppStore|Any CPU.Build.0 = Release|Any CPU
		{A39367DA-47A2-4AAC-958D-61D234AE9818}.AppStore|iPhone.ActiveCfg = Release|Any CPU
		{A39367DA-47A2-4AAC-958D-61D234AE9818}.AppStore|iPhone.Build.0 = Release|Any CPU
		{A39367DA-47A2-4AAC-958D-61D234AE9818}.AppStore|iPhoneSimulator.ActiveCfg = Release|Any CPU
		{A39367DA-47A2-4AAC-958D-61D234AE9818}.AppStore|iPhoneSimulator.Build.0 = Release|Any CPU
		{A39367DA-47A2-4AAC-958D-61D234AE9818}.Debug|Any CPU.ActiveCfg = Debug|Any CPU
		{A39367DA-47A2-4AAC-958D-61D234AE9818}.Debug|Any CPU.Build.0 = Debug|Any CPU
		{A39367DA-47A2-4AAC-958D-61D234AE9818}.Debug|iPhone.ActiveCfg = Debug|Any CPU
		{A39367DA-47A2-4AAC-958D-61D234AE9818}.Debug|iPhone.Build.0 = Debug|Any CPU
		{A39367DA-47A2-4AAC-958D-61D234AE9818}.Debug|iPhoneSimulator.ActiveCfg = Debug|Any CPU
		{A39367DA-47A2-4AAC-958D-61D234AE9818}.Debug|iPhoneSimulator.Build.0 = Debug|Any CPU
		{A39367DA-47A2-4AAC-958D-61D234AE9818}.Release|Any CPU.ActiveCfg = Release|Any CPU
		{A39367DA-47A2-4AAC-958D-61D234AE9818}.Release|Any CPU.Build.0 = Release|Any CPU
		{A39367DA-47A2-4AAC-958D-61D234AE9818}.Release|iPhone.ActiveCfg = Release|Any CPU
		{A39367DA-47A2-4AAC-958D-61D234AE9818}.Release|iPhone.Build.0 = Release|Any CPU
		{A39367DA-47A2-4AAC-958D-61D234AE9818}.Release|iPhoneSimulator.ActiveCfg = Release|Any CPU
		{A39367DA-47A2-4AAC-958D-61D234AE9818}.Release|iPhoneSimulator.Build.0 = Release|Any CPU
		{E6A85A7A-07F0-4A39-B732-7D4E4A35766C}.Ad-Hoc|Any CPU.ActiveCfg = Release|Any CPU
		{E6A85A7A-07F0-4A39-B732-7D4E4A35766C}.Ad-Hoc|Any CPU.Build.0 = Release|Any CPU
		{E6A85A7A-07F0-4A39-B732-7D4E4A35766C}.Ad-Hoc|iPhone.ActiveCfg = Release|Any CPU
		{E6A85A7A-07F0-4A39-B732-7D4E4A35766C}.Ad-Hoc|iPhone.Build.0 = Release|Any CPU
		{E6A85A7A-07F0-4A39-B732-7D4E4A35766C}.Ad-Hoc|iPhoneSimulator.ActiveCfg = Release|Any CPU
		{E6A85A7A-07F0-4A39-B732-7D4E4A35766C}.Ad-Hoc|iPhoneSimulator.Build.0 = Release|Any CPU
		{E6A85A7A-07F0-4A39-B732-7D4E4A35766C}.AppStore|Any CPU.ActiveCfg = Release|Any CPU
		{E6A85A7A-07F0-4A39-B732-7D4E4A35766C}.AppStore|Any CPU.Build.0 = Release|Any CPU
		{E6A85A7A-07F0-4A39-B732-7D4E4A35766C}.AppStore|iPhone.ActiveCfg = Release|Any CPU
		{E6A85A7A-07F0-4A39-B732-7D4E4A35766C}.AppStore|iPhone.Build.0 = Release|Any CPU
		{E6A85A7A-07F0-4A39-B732-7D4E4A35766C}.AppStore|iPhoneSimulator.ActiveCfg = Release|Any CPU
		{E6A85A7A-07F0-4A39-B732-7D4E4A35766C}.AppStore|iPhoneSimulator.Build.0 = Release|Any CPU
		{E6A85A7A-07F0-4A39-B732-7D4E4A35766C}.Debug|Any CPU.ActiveCfg = Debug|Any CPU
		{E6A85A7A-07F0-4A39-B732-7D4E4A35766C}.Debug|Any CPU.Build.0 = Debug|Any CPU
		{E6A85A7A-07F0-4A39-B732-7D4E4A35766C}.Debug|iPhone.ActiveCfg = Debug|Any CPU
		{E6A85A7A-07F0-4A39-B732-7D4E4A35766C}.Debug|iPhone.Build.0 = Debug|Any CPU
		{E6A85A7A-07F0-4A39-B732-7D4E4A35766C}.Debug|iPhoneSimulator.ActiveCfg = Debug|Any CPU
		{E6A85A7A-07F0-4A39-B732-7D4E4A35766C}.Debug|iPhoneSimulator.Build.0 = Debug|Any CPU
		{E6A85A7A-07F0-4A39-B732-7D4E4A35766C}.Release|Any CPU.ActiveCfg = Release|Any CPU
		{E6A85A7A-07F0-4A39-B732-7D4E4A35766C}.Release|Any CPU.Build.0 = Release|Any CPU
		{E6A85A7A-07F0-4A39-B732-7D4E4A35766C}.Release|iPhone.ActiveCfg = Release|Any CPU
		{E6A85A7A-07F0-4A39-B732-7D4E4A35766C}.Release|iPhone.Build.0 = Release|Any CPU
		{E6A85A7A-07F0-4A39-B732-7D4E4A35766C}.Release|iPhoneSimulator.ActiveCfg = Release|Any CPU
		{E6A85A7A-07F0-4A39-B732-7D4E4A35766C}.Release|iPhoneSimulator.Build.0 = Release|Any CPU
		{4ABF2C11-15D2-409D-BF23-335FB6C970FF}.Ad-Hoc|Any CPU.ActiveCfg = Release|Any CPU
		{4ABF2C11-15D2-409D-BF23-335FB6C970FF}.Ad-Hoc|Any CPU.Build.0 = Release|Any CPU
		{4ABF2C11-15D2-409D-BF23-335FB6C970FF}.Ad-Hoc|iPhone.ActiveCfg = Release|Any CPU
		{4ABF2C11-15D2-409D-BF23-335FB6C970FF}.Ad-Hoc|iPhone.Build.0 = Release|Any CPU
		{4ABF2C11-15D2-409D-BF23-335FB6C970FF}.Ad-Hoc|iPhoneSimulator.ActiveCfg = Release|Any CPU
		{4ABF2C11-15D2-409D-BF23-335FB6C970FF}.Ad-Hoc|iPhoneSimulator.Build.0 = Release|Any CPU
		{4ABF2C11-15D2-409D-BF23-335FB6C970FF}.AppStore|Any CPU.ActiveCfg = Release|Any CPU
		{4ABF2C11-15D2-409D-BF23-335FB6C970FF}.AppStore|Any CPU.Build.0 = Release|Any CPU
		{4ABF2C11-15D2-409D-BF23-335FB6C970FF}.AppStore|iPhone.ActiveCfg = Release|Any CPU
		{4ABF2C11-15D2-409D-BF23-335FB6C970FF}.AppStore|iPhone.Build.0 = Release|Any CPU
		{4ABF2C11-15D2-409D-BF23-335FB6C970FF}.AppStore|iPhoneSimulator.ActiveCfg = Release|Any CPU
		{4ABF2C11-15D2-409D-BF23-335FB6C970FF}.AppStore|iPhoneSimulator.Build.0 = Release|Any CPU
		{4ABF2C11-15D2-409D-BF23-335FB6C970FF}.Debug|Any CPU.ActiveCfg = Debug|Any CPU
		{4ABF2C11-15D2-409D-BF23-335FB6C970FF}.Debug|Any CPU.Build.0 = Debug|Any CPU
		{4ABF2C11-15D2-409D-BF23-335FB6C970FF}.Debug|iPhone.ActiveCfg = Debug|Any CPU
		{4ABF2C11-15D2-409D-BF23-335FB6C970FF}.Debug|iPhone.Build.0 = Debug|Any CPU
		{4ABF2C11-15D2-409D-BF23-335FB6C970FF}.Debug|iPhoneSimulator.ActiveCfg = Debug|Any CPU
		{4ABF2C11-15D2-409D-BF23-335FB6C970FF}.Debug|iPhoneSimulator.Build.0 = Debug|Any CPU
		{4ABF2C11-15D2-409D-BF23-335FB6C970FF}.Release|Any CPU.ActiveCfg = Release|Any CPU
		{4ABF2C11-15D2-409D-BF23-335FB6C970FF}.Release|Any CPU.Build.0 = Release|Any CPU
		{4ABF2C11-15D2-409D-BF23-335FB6C970FF}.Release|iPhone.ActiveCfg = Release|Any CPU
		{4ABF2C11-15D2-409D-BF23-335FB6C970FF}.Release|iPhone.Build.0 = Release|Any CPU
		{4ABF2C11-15D2-409D-BF23-335FB6C970FF}.Release|iPhoneSimulator.ActiveCfg = Release|Any CPU
		{4ABF2C11-15D2-409D-BF23-335FB6C970FF}.Release|iPhoneSimulator.Build.0 = Release|Any CPU
	EndGlobalSection
	GlobalSection(SolutionProperties) = preSolution
		HideSolutionNode = FALSE
	EndGlobalSection
	GlobalSection(ExtensibilityGlobals) = postSolution
		SolutionGuid = {D52271DF-62BB-49CA-8B09-006B460515C1}
	EndGlobalSection
EndGlobal
